{
  "name": "12-4",
  "version": "1.0.0",
  "lockfileVersion": 1,
  "requires": true,
  "dependencies": {
    "speedtest": {
      "version": "1.1.0",
      "resolved": "https://registry.npmjs.org/speedtest/-/speedtest-1.1.0.tgz",
      "integrity": "sha1-fW0msUbrlYlWgnfbr52yGz9BfNw="
    },
    "wallpaper": {
      "version": "4.1.0",
      "resolved": "https://registry.npmjs.org/wallpaper/-/wallpaper-4.1.0.tgz",
      "integrity": "sha512-wCgKRoRMXlNHzr0TPGAjcPqmh3yWBOK6AmWWqW9ufZ6x6Ntjj7j+iAhpNtfF8gXNCfppDi3r1KIt5a5ZvWA/CA=="
    }
  }
}
